
Microsoft Visual Studio Solution File, Format Version 12.00
# Visual Studio 2013
VisualStudioVersion = 12.0.40629.0
MinimumVisualStudioVersion = 10.0.40219.1
Project("{FAE04EC0-301F-11D3-BF4B-00C04F79EFBC}") = "Vbn.Ui.Framework", "Vbn.Ui.Framework\Vbn.Ui.Framework.csproj", "{BC319314-E4BD-4ECE-A78E-CFD9E547AA23}"
EndProject
Project("{FAE04EC0-301F-11D3-BF4B-00C04F79EFBC}") = "Vbn.Ui.Tests", "Vbn.Ui.Tests\Vbn.Ui.Tests.csproj", "{1AB47B44-5ED3-4F03-9604-199686446BED}"
EndProject
Project("{2150E333-8FDC-42A3-9474-1A3956D46DE8}") = ".nuget", ".nuget", "{990B9CBB-D299-49B8-815C-D1EB356EF83D}"
	ProjectSection(SolutionItems) = preProject
		.nuget\packages.config = .nuget\packages.config
	EndProjectSection
EndProject
Global
	GlobalSection(SolutionConfigurationPlatforms) = preSolution
		Debug|Any CPU = Debug|Any CPU
		Release|Any CPU = Release|Any CPU
	EndGlobalSection
	GlobalSection(ProjectConfigurationPlatforms) = postSolution
		{BC319314-E4BD-4ECE-A78E-CFD9E547AA23}.Debug|Any CPU.ActiveCfg = Debug|Any CPU
		{BC319314-E4BD-4ECE-A78E-CFD9E547AA23}.Debug|Any CPU.Build.0 = Debug|Any CPU
		{BC319314-E4BD-4ECE-A78E-CFD9E547AA23}.Debug|Any CPU.Deploy.0 = Debug|Any CPU
		{BC319314-E4BD-4ECE-A78E-CFD9E547AA23}.Release|Any CPU.ActiveCfg = Release|Any CPU
		{BC319314-E4BD-4ECE-A78E-CFD9E547AA23}.Release|Any CPU.Build.0 = Release|Any CPU
		{1AB47B44-5ED3-4F03-9604-199686446BED}.Debug|Any CPU.ActiveCfg = Debug|Any CPU
		{1AB47B44-5ED3-4F03-9604-199686446BED}.Debug|Any CPU.Build.0 = Debug|Any CPU
		{1AB47B44-5ED3-4F03-9604-199686446BED}.Release|Any CPU.ActiveCfg = Release|Any CPU
		{1AB47B44-5ED3-4F03-9604-199686446BED}.Release|Any CPU.Build.0 = Release|Any CPU
	EndGlobalSection
	GlobalSection(SolutionProperties) = preSolution
		HideSolutionNode = FALSE
	EndGlobalSection
EndGlobal
